{
  "name": "dsh-plugin-wsl-env",
  "version": "0.7.2",
  "lockfileVersion": 3,
  "requires": true,
  "packages": {
    "": {
      "name": "dsh-plugin-wsl-env",
      "version": "0.7.2",
      "license": "MIT",
      "devDependencies": {
        "@deepseek-ai/cordis": "4.0.4",
        "@deepseek-ai/cordis-plugin-include": "*",
        "@deepseek-ai/cordis-plugin-loader": "*",
        "@deepseek-ai/dsh-api-workspace-files": "0.2.0-rc.2",
        "@deepseek-ai/dsh-bash-local": "0.2.0-rc.2",
        "@deepseek-ai/dsh-fs": "0.2.0-rc.2",
        "@deepseek-ai/dsh-fs-local": "0.2.0-rc.2",
        "@deepseek-ai/dsh-fs-sandbox": "0.2.0-rc.2",
        "@deepseek-ai/dsh-host-directory-picker": "0.2.0-rc.2",
        "@deepseek-ai/dsh-sandbox": "0.2.0-rc.2",
        "@deepseek-ai/dsh-sandbox-policy": "0.2.0-rc.2",
        "@deepseek-ai/dsh-subprocess": "0.2.0-rc.2",
        "@deepseek-ai/dsh-subprocess-local": "0.2.0-rc.2",
        "@deepseek-ai/dsh-typert-protocol": "0.2.0-rc.2",
        "js-yaml": "4.1.0"
      },
      "engines": {
        "node": ">=20"
      },
      "peerDependencies": {
        "@deepseek-ai/cordis": "~4.0.4",
        "@deepseek-ai/dsh-bash-local": "0.2.0-rc.2",
        "@deepseek-ai/dsh-fs": "0.2.0-rc.2",
        "@deepseek-ai/dsh-fs-local": "0.2.0-rc.2",
        "@deepseek-ai/dsh-host-directory-picker": "0.2.0-rc.2",
        "@deepseek-ai/dsh-sandbox": "0.2.0-rc.2",
        "@deepseek-ai/dsh-subprocess": "0.2.0-rc.2",
        "@deepseek-ai/dsh-subprocess-local": "0.2.0-rc.2",
        "@deepseek-ai/schemastery": "~3.18.4"
      },
      "peerDependenciesMeta": {
        "@deepseek-ai/cordis": {
          "optional": true
        },
        "@deepseek-ai/dsh-bash-local": {
          "optional": true
        },
        "@deepseek-ai/dsh-fs": {
          "optional": true
        },
        "@deepseek-ai/dsh-fs-local": {
          "optional": true
        },
        "@deepseek-ai/dsh-host-directory-picker": {
          "optional": true
        },
        "@deepseek-ai/dsh-sandbox": {
          "optional": true
        },
        "@deepseek-ai/dsh-subprocess": {
          "optional": true
        },
        "@deepseek-ai/dsh-subprocess-local": {
          "optional": true
        },
        "@deepseek-ai/schemastery": {
          "optional": true
        }
      }
    },
    "node_modules/@deepseek-ai/cordis": {
      "version": "4.0.4",
      "dev": true,
      "license": "MIT",
      "dependencies": {
        "@deepseek-ai/cosmokit": "~1.8.5",
        "@standard-schema/spec": "^1.1.0"
      },
      "bin": {
        "cordis": "bin.js"
      },
      "peerDependencies": {
        "@deepseek-ai/cordis-plugin-include": "~1.0.9",
        "@deepseek-ai/cordis-plugin-loader": "~1.0.5"
      },
      "peerDependenciesMeta": {
        "@deepseek-ai/cordis-plugin-include": {
          "optional": true
        },
        "@deepseek-ai/cordis-plugin-loader": {
          "optional": true
        }
      }
    },
    "node_modules/@deepseek-ai/cordis-plugin-include": {
      "version": "1.0.9",
      "dev": true,
      "license": "MIT",
      "dependencies": {
        "@deepseek-ai/cosmokit": "~1.8.5",
        "js-yaml": "^4.1.0"
      },
      "peerDependencies": {
        "@deepseek-ai/cordis": "~4.0.4",
        "@deepseek-ai/cordis-plugin-loader": "~1.0.5"
      }
    },
    "node_modules/@deepseek-ai/cordis-plugin-loader": {
      "version": "1.0.5",
      "dev": true,
      "license": "MIT",
      "dependencies": {
        "@deepseek-ai/cosmokit": "~1.8.5",
        "@deepseek-ai/schemastery": "~3.18.4"
      },
      "peerDependencies": {
        "@deepseek-ai/cordis": "~4.0.4",
        "node-addon-require-builtin": "^0.1.6"
      },
      "peerDependenciesMeta": {
        "node-addon-require-builtin": {
          "optional": true
        }
      }
    },
    "node_modules/@deepseek-ai/cosmokit": {
      "version": "1.8.5",
      "devOptional": true,
      "license": "MIT"
    },
    "node_modules/@deepseek-ai/dsh-agent": {
      "version": "0.2.0-rc.2",
      "resolved": "https://registry.npmjs.org/@deepseek-ai/dsh-agent/-/dsh-agent-0.2.0-rc.2.tgz",
      "integrity": "sha512-CUkbU+c1G0ETXkpoLkpAFo5midz66FQGtlgQOP9pzvU9H3zJQVl4H5LrhhGVbEXKLFgdbtQiOynEW8hpWn3y0Q==",
      "dev": true,
      "license": "MIT",
      "peer": true,
      "peerDependencies": {
        "@deepseek-ai/cordis": "~4.0.4",
        "@deepseek-ai/dsh-invariants": "0.2.0-rc.2",
        "@deepseek-ai/dsh-llm": "0.2.0-rc.2",
        "@deepseek-ai/dsh-scope": "0.2.0-rc.2",
        "@deepseek-ai/dsh-session": "0.2.0-rc.2",
        "@deepseek-ai/dsh-session-projection": "0.2.0-rc.2",
        "@deepseek-ai/dsh-system-prompt": "0.2.0-rc.2",
        "@deepseek-ai/dsh-typert-protocol": "0.2.0-rc.2",
        "@deepseek-ai/dsh-util-values": "0.2.0-rc.2",
        "@deepseek-ai/dsh-workspace": "0.2.0-rc.2"
      },
      "peerDependenciesMeta": {
        "@deepseek-ai/dsh-workspace": {
          "optional": true
        }
      }
    },
    "node_modules/@deepseek-ai/dsh-api-workspace-files": {
      "version": "0.2.0-rc.2",
      "dev": true,
      "license": "MIT",
      "dependencies": {
        "@deepseek-ai/dsh-deque": "0.2.0-rc.2",
        "@deepseek-ai/dsh-typert-protocol": "0.2.0-rc.2",
        "@deepseek-ai/schemastery": "~3.18.4",
        "zod": "^4.4.3"
      },
      "peerDependencies": {
        "@deepseek-ai/cordis": "~4.0.4"
      }
    },
    "node_modules/@deepseek-ai/dsh-bash-local": {
      "version": "0.2.0-rc.2",
      "dev": true,
      "license": "MIT",
      "dependencies": {
        "@deepseek-ai/schemastery": "~3.18.4"
      },
      "peerDependencies": {
        "@deepseek-ai/cordis": "~4.0.4",
        "@deepseek-ai/dsh-shell": "0.2.0-rc.2",
        "@deepseek-ai/dsh-subprocess": "0.2.0-rc.2",
        "@deepseek-ai/dsh-timeout": "0.2.0-rc.2"
      }
    },
    "node_modules/@deepseek-ai/dsh-brand": {
      "version": "0.2.0-rc.2",
      "dev": true,
      "license": "MIT",
      "peerDependencies": {
        "@deepseek-ai/cordis": "~4.0.4"
      }
    },
    "node_modules/@deepseek-ai/dsh-deque": {
      "version": "0.2.0-rc.2",
      "dev": true,
      "license": "MIT",
      "peerDependencies": {
        "@deepseek-ai/cordis": "~4.0.4"
      }
    },
    "node_modules/@deepseek-ai/dsh-fs": {
      "version": "0.2.0-rc.2",
      "dev": true,
      "license": "MIT",
      "peerDependencies": {
        "@deepseek-ai/cordis": "~4.0.4",
        "@deepseek-ai/dsh-brand": "0.2.0-rc.2",
        "@deepseek-ai/dsh-invariants": "0.2.0-rc.2",
        "@deepseek-ai/dsh-llm": "0.2.0-rc.2",
        "@deepseek-ai/dsh-sandbox": "0.2.0-rc.2"
      }
    },
    "node_modules/@deepseek-ai/dsh-fs-local": {
      "version": "0.2.0-rc.2",
      "dev": true,
      "license": "MIT",
      "dependencies": {
        "@deepseek-ai/schemastery": "~3.18.4",
        "chokidar": "^4.0.3",
        "koffi": "3.1.1"
      },
      "peerDependencies": {
        "@deepseek-ai/cordis": "~4.0.4",
        "@deepseek-ai/dsh-fs": "0.2.0-rc.2"
      }
    },
    "node_modules/@deepseek-ai/dsh-fs-sandbox": {
      "version": "0.2.0-rc.2",
      "dev": true,
      "license": "MIT",
      "peerDependencies": {
        "@deepseek-ai/cordis": "~4.0.4",
        "@deepseek-ai/dsh-fs": "0.2.0-rc.2",
        "@deepseek-ai/dsh-fs-local": "0.2.0-rc.2",
        "@deepseek-ai/dsh-sandbox": "0.2.0-rc.2",
        "@deepseek-ai/dsh-sandbox-policy": "0.2.0-rc.2"
      }
    },
    "node_modules/@deepseek-ai/dsh-host-directory-picker": {
      "version": "0.2.0-rc.2",
      "dev": true,
      "license": "MIT",
      "peerDependencies": {
        "@deepseek-ai/cordis": "~4.0.4"
      }
    },
    "node_modules/@deepseek-ai/dsh-http-proxy": {
      "version": "0.2.0-rc.2",
      "dev": true,
      "license": "MIT",
      "peer": true,
      "dependencies": {
        "undici": "^8.10.0"
      },
      "peerDependencies": {
        "@deepseek-ai/cordis": "~4.0.4"
      }
    },
    "node_modules/@deepseek-ai/dsh-invariants": {
      "version": "0.2.0-rc.2",
      "resolved": "https://registry.npmjs.org/@deepseek-ai/dsh-invariants/-/dsh-invariants-0.2.0-rc.2.tgz",
      "integrity": "sha512-QOVc0HpRsS8ekvprb45FlxieDvgR/cAMaxW289HASjMoV/U/B54FpbkHuPBw4EnTw07/sPkjx2B/23+YqE0cbg==",
      "dev": true,
      "license": "MIT",
      "peer": true,
      "dependencies": {
        "@deepseek-ai/schemastery": "~3.18.4"
      },
      "peerDependencies": {
        "@deepseek-ai/cordis": "~4.0.4"
      }
    },
    "node_modules/@deepseek-ai/dsh-lazy-require": {
      "version": "0.2.0-rc.2",
      "dev": true,
      "license": "MIT",
      "peerDependencies": {
        "@deepseek-ai/cordis": "~4.0.4"
      }
    },
    "node_modules/@deepseek-ai/dsh-llm": {
      "version": "0.2.0-rc.2",
      "dev": true,
      "license": "MIT",
      "peer": true,
      "dependencies": {
        "@deepseek-ai/dsh-brand": "0.2.0-rc.2",
        "@deepseek-ai/dsh-timeout": "0.2.0-rc.2",
        "@deepseek-ai/dsh-typert-protocol": "0.2.0-rc.2",
        "@deepseek-ai/dsh-util-crypto": "0.2.0-rc.2",
        "@deepseek-ai/dsh-util-values": "0.2.0-rc.2",
        "@deepseek-ai/schemastery": "~3.18.4",
        "zod": "^4.4.3"
      },
      "peerDependencies": {
        "@deepseek-ai/cordis": "~4.0.4"
      }
    },
    "node_modules/@deepseek-ai/dsh-sandbox": {
      "version": "0.2.0-rc.2",
      "dev": true,
      "license": "MIT",
      "dependencies": {
        "@deepseek-ai/dsh-util-values": "0.2.0-rc.2"
      },
      "peerDependencies": {
        "@deepseek-ai/cordis": "~4.0.4",
        "@deepseek-ai/dsh-llm": "0.2.0-rc.2",
        "@deepseek-ai/dsh-session": "0.2.0-rc.2"
      }
    },
    "node_modules/@deepseek-ai/dsh-sandbox-policy": {
      "version": "0.2.0-rc.2",
      "dev": true,
      "license": "MIT",
      "dependencies": {
        "@deepseek-ai/schemastery": "~3.18.4",
        "zod": "^4.4.3"
      },
      "peerDependencies": {
        "@deepseek-ai/cordis": "~4.0.4",
        "@deepseek-ai/dsh-agent": "0.2.0-rc.2",
        "@deepseek-ai/dsh-invariants": "0.2.0-rc.2",
        "@deepseek-ai/dsh-sandbox": "0.2.0-rc.2",
        "@deepseek-ai/dsh-session": "0.2.0-rc.2",
        "@deepseek-ai/dsh-session-projection": "0.2.0-rc.2",
        "@deepseek-ai/dsh-system-prompt": "0.2.0-rc.2"
      }
    },
    "node_modules/@deepseek-ai/dsh-scope": {
      "version": "0.2.0-rc.2",
      "resolved": "https://registry.npmjs.org/@deepseek-ai/dsh-scope/-/dsh-scope-0.2.0-rc.2.tgz",
      "integrity": "sha512-066p7Wv74GNWt4xA5Cyvl+7c/i9KrNEDALYh2/hu0VsJPLb4T9He+TY7y1bld9OgungmqyTy1n/cB2ZrVskvxA==",
      "dev": true,
      "license": "MIT",
      "peer": true,
      "peerDependencies": {
        "@deepseek-ai/cordis": "~4.0.4",
        "@deepseek-ai/dsh-invariants": "0.2.0-rc.2"
      }
    },
    "node_modules/@deepseek-ai/dsh-session": {
      "version": "0.2.0-rc.2",
      "resolved": "https://registry.npmjs.org/@deepseek-ai/dsh-session/-/dsh-session-0.2.0-rc.2.tgz",
      "integrity": "sha512-wj+6MeqCYbDcbEvKH3puHyEGdjyu51JwBoN6Ua2tz6griLufDgLM5HpSU40L5xgpbOfrYVhXZs4vRgOrMlFY2g==",
      "dev": true,
      "license": "MIT",
      "peer": true,
      "dependencies": {
        "@deepseek-ai/dsh-brand": "0.2.0-rc.2",
        "@deepseek-ai/dsh-llm": "0.2.0-rc.2",
        "@deepseek-ai/dsh-util-values": "0.2.0-rc.2"
      },
      "peerDependencies": {
        "@deepseek-ai/cordis": "~4.0.4",
        "@deepseek-ai/dsh-scope": "0.2.0-rc.2"
      }
    },
    "node_modules/@deepseek-ai/dsh-session-projection": {
      "version": "0.2.0-rc.2",
      "resolved": "https://registry.npmjs.org/@deepseek-ai/dsh-session-projection/-/dsh-session-projection-0.2.0-rc.2.tgz",
      "integrity": "sha512-caJ+XGjmR8ouws0LrvuXrabrzi21akB2l8CniUHdx4IpT6GkLapFYlWLbjZlDYqEWB3ktR+q32nxW2s+f27GSA==",
      "dev": true,
      "license": "MIT",
      "peer": true,
      "dependencies": {
        "zod": "^4.4.3"
      },
      "peerDependencies": {
        "@deepseek-ai/cordis": "~4.0.4",
        "@deepseek-ai/dsh-session": "0.2.0-rc.2"
      }
    },
    "node_modules/@deepseek-ai/dsh-shell": {
      "version": "0.2.0-rc.2",
      "dev": true,
      "license": "MIT",
      "peer": true,
      "peerDependencies": {
        "@deepseek-ai/cordis": "~4.0.4",
        "@deepseek-ai/dsh-sandbox": "0.2.0-rc.2",
        "@deepseek-ai/dsh-subprocess": "0.2.0-rc.2"
      }
    },
    "node_modules/@deepseek-ai/dsh-subprocess": {
      "version": "0.2.0-rc.2",
      "dev": true,
      "license": "MIT",
      "peerDependencies": {
        "@deepseek-ai/cordis": "~4.0.4",
        "@deepseek-ai/dsh-http-proxy": "0.2.0-rc.2"
      }
    },
    "node_modules/@deepseek-ai/dsh-subprocess-local": {
      "version": "0.2.0-rc.2",
      "dev": true,
      "hasInstallScript": true,
      "license": "MIT",
      "dependencies": {
        "@deepseek-ai/dsh-lazy-require": "0.2.0-rc.2",
        "@deepseek-ai/dsh-win32-process": "0.2.0-rc.2",
        "koffi": "3.1.1",
        "node-pty": "1.2.0-beta.15"
      },
      "peerDependencies": {
        "@deepseek-ai/cordis": "~4.0.4",
        "@deepseek-ai/dsh-subprocess": "0.2.0-rc.2",
        "@deepseek-ai/dsh-timeout": "0.2.0-rc.2"
      }
    },
    "node_modules/@deepseek-ai/dsh-system-prompt": {
      "version": "0.2.0-rc.2",
      "resolved": "https://registry.npmjs.org/@deepseek-ai/dsh-system-prompt/-/dsh-system-prompt-0.2.0-rc.2.tgz",
      "integrity": "sha512-ZZNk2gkXFV8CIT0IOZXS+pFaxNVJaRknYyH2vc4ZgZAiHKT+RqUYNr8e1F5Kp0AaN0DNlcTkjOGP5MCxeXfDjg==",
      "dev": true,
      "license": "MIT",
      "peer": true,
      "dependencies": {
        "@deepseek-ai/schemastery": "~3.18.4"
      },
      "peerDependencies": {
        "@deepseek-ai/cordis": "~4.0.4",
        "@deepseek-ai/dsh-invariants": "0.2.0-rc.2",
        "@deepseek-ai/dsh-llm": "0.2.0-rc.2",
        "@deepseek-ai/dsh-scope": "0.2.0-rc.2"
      }
    },
    "node_modules/@deepseek-ai/dsh-timeout": {
      "version": "0.2.0-rc.2",
      "dev": true,
      "license": "MIT",
      "peer": true,
      "peerDependencies": {
        "@deepseek-ai/cordis": "~4.0.4"
      }
    },
    "node_modules/@deepseek-ai/dsh-typert-protocol": {
      "version": "0.2.0-rc.2",
      "dev": true,
      "license": "MIT",
      "dependencies": {
        "@deepseek-ai/dsh-brand": "0.2.0-rc.2"
      },
      "peerDependencies": {
        "@deepseek-ai/cordis": "~4.0.4"
      }
    },
    "node_modules/@deepseek-ai/dsh-util-crypto": {
      "version": "0.2.0-rc.2",
      "dev": true,
      "license": "MIT",
      "peer": true,
      "peerDependencies": {
        "@deepseek-ai/cordis": "~4.0.4"
      }
    },
    "node_modules/@deepseek-ai/dsh-util-values": {
      "version": "0.2.0-rc.2",
      "dev": true,
      "license": "MIT",
      "peerDependencies": {
        "@deepseek-ai/cordis": "~4.0.4"
      }
    },
    "node_modules/@deepseek-ai/dsh-win32-process": {
      "version": "0.2.0-rc.2",
      "dev": true,
      "license": "MIT",
      "dependencies": {
        "@deepseek-ai/dsh-lazy-require": "0.2.0-rc.2",
        "koffi": "3.1.1"
      },
      "peerDependencies": {
        "@deepseek-ai/cordis": "~4.0.4"
      }
    },
    "node_modules/@deepseek-ai/schemastery": {
      "version": "3.18.4",
      "devOptional": true,
      "license": "MIT",
      "dependencies": {
        "@deepseek-ai/cosmokit": "~1.8.5",
        "@standard-schema/spec": "^1.1.0"
      }
    },
    "node_modules/@koromix/koffi-darwin-arm64": {
      "version": "3.1.1",
      "resolved": "https://registry.npmjs.org/@koromix/koffi-darwin-arm64/-/koffi-darwin-arm64-3.1.1.tgz",
      "integrity": "sha512-+Dl0zQDh1Wb55AWOn9hp7K30qgkODvrvN+ZNkFOh81Q0oFX/rpJQtocgjAuYk2zFAcajSeVDumkcHMPwnKSXzA==",
      "cpu": [
        "arm64"
      ],
      "dev": true,
      "license": "MIT",
      "optional": true,
      "os": [
        "darwin"
      ],
      "funding": {
        "url": "https://liberapay.com/Koromix"
      }
    },
    "node_modules/@koromix/koffi-darwin-x64": {
      "version": "3.1.1",
      "resolved": "https://registry.npmjs.org/@koromix/koffi-darwin-x64/-/koffi-darwin-x64-3.1.1.tgz",
      "integrity": "sha512-cDFAKn1qdZBFLrp7dAc9QUDw3l4xAhTJbOdPWWb0LxssVicUdHcRCLZGrDsmPW2tpH6LGNNeLgqRpAoD2Mo8iA==",
      "cpu": [
        "x64"
      ],
      "dev": true,
      "license": "MIT",
      "optional": true,
      "os": [
        "darwin"
      ],
      "funding": {
        "url": "https://liberapay.com/Koromix"
      }
    },
    "node_modules/@koromix/koffi-freebsd-arm64": {
      "version": "3.1.1",
      "resolved": "https://registry.npmjs.org/@koromix/koffi-freebsd-arm64/-/koffi-freebsd-arm64-3.1.1.tgz",
      "integrity": "sha512-zaP7FJISI/scQW9Wa5QicY3a09WmtKBWSbmC+5nfCqPzwWe7Hx2so74Er7mPsDfCiMMR0Ya+evKbJQDkfyXicg==",
      "cpu": [
        "arm64"
      ],
      "dev": true,
      "license": "MIT",
      "optional": true,
      "os": [
        "freebsd"
      ],
      "funding": {
        "url": "https://liberapay.com/Koromix"
      }
    },
    "node_modules/@koromix/koffi-freebsd-ia32": {
      "version": "3.1.1",
      "resolved": "https://registry.npmjs.org/@koromix/koffi-freebsd-ia32/-/koffi-freebsd-ia32-3.1.1.tgz",
      "integrity": "sha512-7GejVb688TLM8rbjfc0oezJrATxZc0dn801xWEDJekN2DgmRXu7HquGqWQ6z3NeSq7ZxEggz4T3xtlbCysQapA==",
      "cpu": [
        "ia32"
      ],
      "dev": true,
      "license": "MIT",
      "optional": true,
      "os": [
        "freebsd"
      ],
      "funding": {
        "url": "https://liberapay.com/Koromix"
      }
    },
    "node_modules/@koromix/koffi-freebsd-x64": {
      "version": "3.1.1",
      "resolved": "https://registry.npmjs.org/@koromix/koffi-freebsd-x64/-/koffi-freebsd-x64-3.1.1.tgz",
      "integrity": "sha512-XLiCFP9OFCyOoGTjAimtDKLhzhfo34WcP1ShVWxRzNCWDGjfz8BYjwd69cp/cDSUXZbxamqs4+/6vmkePq9wxA==",
      "cpu": [
        "x64"
      ],
      "dev": true,
      "license": "MIT",
      "optional": true,
      "os": [
        "freebsd"
      ],
      "funding": {
        "url": "https://liberapay.com/Koromix"
      }
    },
    "node_modules/@koromix/koffi-linux-arm64": {
      "version": "3.1.1",
      "resolved": "https://registry.npmjs.org/@koromix/koffi-linux-arm64/-/koffi-linux-arm64-3.1.1.tgz",
      "integrity": "sha512-HA9xINK7G4dRAkpfnBWD9VfuyIBgW1SuK+KPHjksUwRMOnhgqP8J/JqgrAzdzcDiefGBkqEacIP776OUwz7knQ==",
      "cpu": [
        "arm64"
      ],
      "dev": true,
      "license": "MIT",
      "optional": true,
      "os": [
        "linux"
      ],
      "funding": {
        "url": "https://liberapay.com/Koromix"
      }
    },
    "node_modules/@koromix/koffi-linux-ia32": {
      "version": "3.1.1",
      "resolved": "https://registry.npmjs.org/@koromix/koffi-linux-ia32/-/koffi-linux-ia32-3.1.1.tgz",
      "integrity": "sha512-jG7IFytmP8K5Qtbx0ro0ZeuX3JjSsLxmYhq+nmXDdrtOAlxIsWGynuiDLS6Jk3vOchVii2m6Y2f/L3GLG2fG5A==",
      "cpu": [
        "ia32"
      ],
      "dev": true,
      "license": "MIT",
      "optional": true,
      "os": [
        "linux"
      ],
      "funding": {
        "url": "https://liberapay.com/Koromix"
      }
    },
    "node_modules/@koromix/koffi-linux-loong64": {
      "version": "3.1.1",
      "resolved": "https://registry.npmjs.org/@koromix/koffi-linux-loong64/-/koffi-linux-loong64-3.1.1.tgz",
      "integrity": "sha512-CIsT1cNnih8FuU52Me/IVlJBpH28SQfoDeYPctJswgJzaARktusF7m4MUbtR1PBDjuquCVM4/vFyNdOzfPonvA==",
      "cpu": [
        "loong64"
      ],
      "dev": true,
      "license": "MIT",
      "optional": true,
      "os": [
        "linux"
      ],
      "funding": {
        "url": "https://liberapay.com/Koromix"
      }
    },
    "node_modules/@koromix/koffi-linux-riscv64": {
      "version": "3.1.1",
      "resolved": "https://registry.npmjs.org/@koromix/koffi-linux-riscv64/-/koffi-linux-riscv64-3.1.1.tgz",
      "integrity": "sha512-9D6RmqeKsSvs3U6jILJU9PcAjMwKKyn7yLxNBb5k6z9PCoUoGJ3/BrhXAX0qjrLLwEiIpP/hS/40RuXvH8Lc3Q==",
      "cpu": [
        "riscv64"
      ],
      "dev": true,
      "license": "MIT",
      "optional": true,
      "os": [
        "linux"
      ],
      "funding": {
        "url": "https://liberapay.com/Koromix"
      }
    },
    "node_modules/@koromix/koffi-linux-x64": {
      "version": "3.1.1",
      "cpu": [
        "x64"
      ],
      "dev": true,
      "license": "MIT",
      "optional": true,
      "os": [
        "linux"
      ],
      "funding": {
        "url": "https://liberapay.com/Koromix"
      }
    },
    "node_modules/@koromix/koffi-openbsd-ia32": {
      "version": "3.1.1",
      "resolved": "https://registry.npmjs.org/@koromix/koffi-openbsd-ia32/-/koffi-openbsd-ia32-3.1.1.tgz",
      "integrity": "sha512-iPnPzvG2HOfdzaiG1drdkt86sAqmTPDv9mAf+5gL7mRzkeeQC88EVGboRy7eXwdXn7R+v0ntA3iQxdHrBn6yXw==",
      "cpu": [
        "ia32"
      ],
      "dev": true,
      "license": "MIT",
      "optional": true,
      "os": [
        "openbsd"
      ],
      "funding": {
        "url": "https://liberapay.com/Koromix"
      }
    },
    "node_modules/@koromix/koffi-openbsd-x64": {
      "version": "3.1.1",
      "resolved": "https://registry.npmjs.org/@koromix/koffi-openbsd-x64/-/koffi-openbsd-x64-3.1.1.tgz",
      "integrity": "sha512-/Xqc3R0SVoMCYjMPZnJ9bULtRo364+dKmnQhfDrI83tSpxUHRw7HRNf12vBeL+hPgKxSBjtMpWfQ/ZIyVyLFag==",
      "cpu": [
        "x64"
      ],
      "dev": true,
      "license": "MIT",
      "optional": true,
      "os": [
        "openbsd"
      ],
      "funding": {
        "url": "https://liberapay.com/Koromix"
      }
    },
    "node_modules/@koromix/koffi-win32-arm64": {
      "version": "3.1.1",
      "resolved": "https://registry.npmjs.org/@koromix/koffi-win32-arm64/-/koffi-win32-arm64-3.1.1.tgz",
      "integrity": "sha512-JhqHauEwQvdcWUERxrV5HH/DT9W7hY1A1eU6/o8tB+yck+D3kt5elpRDBt9KjpW6h+vHPy3V0sjDvO0CXyabTA==",
      "cpu": [
        "arm64"
      ],
      "dev": true,
      "license": "MIT",
      "optional": true,
      "os": [
        "win32"
      ],
      "funding": {
        "url": "https://liberapay.com/Koromix"
      }
    },
    "node_modules/@koromix/koffi-win32-ia32": {
      "version": "3.1.1",
      "resolved": "https://registry.npmjs.org/@koromix/koffi-win32-ia32/-/koffi-win32-ia32-3.1.1.tgz",
      "integrity": "sha512-ZRuyYmlGS/rCc966qqs0qREXDW4FRdul7rDF1VgSWHbVmdc196PUgUT+blq/GjZgTwqzeEXtMRgM+cU8krHjvA==",
      "cpu": [
        "ia32"
      ],
      "dev": true,
      "license": "MIT",
      "optional": true,
      "os": [
        "win32"
      ],
      "funding": {
        "url": "https://liberapay.com/Koromix"
      }
    },
    "node_modules/@koromix/koffi-win32-x64": {
      "version": "3.1.1",
      "resolved": "https://registry.npmjs.org/@koromix/koffi-win32-x64/-/koffi-win32-x64-3.1.1.tgz",
      "integrity": "sha512-KqHPmvj6QILhNyI/To8QSihHsijeVGIYYPBOUnXEpcnH2LuLbargY4Hd6dDeTN3Z90uUUxN+1FWz1UnhVzFOiA==",
      "cpu": [
        "x64"
      ],
      "dev": true,
      "license": "MIT",
      "optional": true,
      "os": [
        "win32"
      ],
      "funding": {
        "url": "https://liberapay.com/Koromix"
      }
    },
    "node_modules/@standard-schema/spec": {
      "version": "1.1.0",
      "devOptional": true,
      "license": "MIT"
    },
    "node_modules/argparse": {
      "version": "2.0.1",
      "dev": true,
      "license": "Python-2.0"
    },
    "node_modules/chokidar": {
      "version": "4.0.3",
      "dev": true,
      "license": "MIT",
      "dependencies": {
        "readdirp": "^4.0.1"
      },
      "engines": {
        "node": ">= 14.16.0"
      },
      "funding": {
        "url": "https://paulmillr.com/funding/"
      }
    },
    "node_modules/js-yaml": {
      "version": "4.1.0",
      "dev": true,
      "license": "MIT",
      "dependencies": {
        "argparse": "^2.0.1"
      },
      "bin": {
        "js-yaml": "bin/js-yaml.js"
      }
    },
    "node_modules/koffi": {
      "version": "3.1.1",
      "dev": true,
      "hasInstallScript": true,
      "license": "MIT",
      "funding": {
        "url": "https://liberapay.com/Koromix"
      },
      "optionalDependencies": {
        "@koromix/koffi-darwin-arm64": "3.1.1",
        "@koromix/koffi-darwin-x64": "3.1.1",
        "@koromix/koffi-freebsd-arm64": "3.1.1",
        "@koromix/koffi-freebsd-ia32": "3.1.1",
        "@koromix/koffi-freebsd-x64": "3.1.1",
        "@koromix/koffi-linux-arm64": "3.1.1",
        "@koromix/koffi-linux-ia32": "3.1.1",
        "@koromix/koffi-linux-loong64": "3.1.1",
        "@koromix/koffi-linux-riscv64": "3.1.1",
        "@koromix/koffi-linux-x64": "3.1.1",
        "@koromix/koffi-openbsd-ia32": "3.1.1",
        "@koromix/koffi-openbsd-x64": "3.1.1",
        "@koromix/koffi-win32-arm64": "3.1.1",
        "@koromix/koffi-win32-ia32": "3.1.1",
        "@koromix/koffi-win32-x64": "3.1.1"
      }
    },
    "node_modules/node-addon-api": {
      "version": "7.1.1",
      "dev": true,
      "license": "MIT"
    },
    "node_modules/node-pty": {
      "version": "1.2.0-beta.15",
      "dev": true,
      "hasInstallScript": true,
      "license": "MIT",
      "dependencies": {
        "node-addon-api": "^7.1.0"
      }
    },
    "node_modules/readdirp": {
      "version": "4.0.1",
      "dev": true,
      "license": "MIT",
      "engines": {
        "node": ">= 14.16.0"
      },
      "funding": {
        "type": "individual",
        "url": "https://paulmillr.com/funding/"
      }
    },
    "node_modules/undici": {
      "version": "8.11.2",
      "dev": true,
      "license": "MIT",
      "peer": true,
      "engines": {
        "node": ">=22.19.0"
      }
    },
    "node_modules/zod": {
      "version": "4.6.5",
      "dev": true,
      "license": "MIT",
      "funding": {
        "url": "https://github.com/sponsors/colinhacks"
      }
    }
  }
}
